
Microsoft Visual Studio Solution File, Format Version 11.00
# Visual Studio 2010
Project("{FAE04EC0-301F-11D3-BF4B-00C04F79EFBC}") = "MyMovies.DomainModel", "MyMovies.DomainModel\MyMovies.DomainModel.csproj", "{208B1EAA-EBE5-4202-891D-3D32A0DAE1E3}"
EndProject
Project("{FAE04EC0-301F-11D3-BF4B-00C04F79EFBC}") = "MyMovies.WebApp", "MyMovies.WebApp\MyMovies.WebApp.csproj", "{B48A8415-A3F2-4DBE-B827-F18BFF307D3C}"
EndProject
Project("{FAE04EC0-301F-11D3-BF4B-00C04F79EFBC}") = "MyMovies.DependencyResolution", "MyMovies.DependencyResolution\MyMovies.DependencyResolution.csproj", "{D1F54503-1D69-47BD-90E1-4F5353E1BDF6}"
EndProject
Project("{2150E333-8FDC-42A3-9474-1A3956D46DE8}") = "Repositories", "Repositories", "{3F162695-FE40-4D37-94B9-86CF96F4B3CE}"
EndProject
Project("{FAE04EC0-301F-11D3-BF4B-00C04F79EFBC}") = "MyMovies.RepImpl", "MyMovies.RepImpl\MyMovies.RepImpl.csproj", "{0DA7D742-6DA6-4998-B64F-9D27EF142E0C}"
EndProject
Project("{FAE04EC0-301F-11D3-BF4B-00C04F79EFBC}") = "MyMovies.Rep", "MyMovies.Rep\MyMovies.Rep.csproj", "{1C039CE6-EB9A-4748-BF01-B8B371443591}"
EndProject
Global
	GlobalSection(SolutionConfigurationPlatforms) = preSolution
		Debug|Any CPU = Debug|Any CPU
		Release|Any CPU = Release|Any CPU
	EndGlobalSection
	GlobalSection(ProjectConfigurationPlatforms) = postSolution
		{208B1EAA-EBE5-4202-891D-3D32A0DAE1E3}.Debug|Any CPU.ActiveCfg = Debug|Any CPU
		{208B1EAA-EBE5-4202-891D-3D32A0DAE1E3}.Debug|Any CPU.Build.0 = Debug|Any CPU
		{208B1EAA-EBE5-4202-891D-3D32A0DAE1E3}.Release|Any CPU.ActiveCfg = Release|Any CPU
		{208B1EAA-EBE5-4202-891D-3D32A0DAE1E3}.Release|Any CPU.Build.0 = Release|Any CPU
		{B48A8415-A3F2-4DBE-B827-F18BFF307D3C}.Debug|Any CPU.ActiveCfg = Debug|Any CPU
		{B48A8415-A3F2-4DBE-B827-F18BFF307D3C}.Debug|Any CPU.Build.0 = Debug|Any CPU
		{B48A8415-A3F2-4DBE-B827-F18BFF307D3C}.Release|Any CPU.ActiveCfg = Release|Any CPU
		{B48A8415-A3F2-4DBE-B827-F18BFF307D3C}.Release|Any CPU.Build.0 = Release|Any CPU
		{D1F54503-1D69-47BD-90E1-4F5353E1BDF6}.Debug|Any CPU.ActiveCfg = Debug|Any CPU
		{D1F54503-1D69-47BD-90E1-4F5353E1BDF6}.Debug|Any CPU.Build.0 = Debug|Any CPU
		{D1F54503-1D69-47BD-90E1-4F5353E1BDF6}.Release|Any CPU.ActiveCfg = Release|Any CPU
		{D1F54503-1D69-47BD-90E1-4F5353E1BDF6}.Release|Any CPU.Build.0 = Release|Any CPU
		{0DA7D742-6DA6-4998-B64F-9D27EF142E0C}.Debug|Any CPU.ActiveCfg = Debug|Any CPU
		{0DA7D742-6DA6-4998-B64F-9D27EF142E0C}.Debug|Any CPU.Build.0 = Debug|Any CPU
		{0DA7D742-6DA6-4998-B64F-9D27EF142E0C}.Release|Any CPU.ActiveCfg = Release|Any CPU
		{0DA7D742-6DA6-4998-B64F-9D27EF142E0C}.Release|Any CPU.Build.0 = Release|Any CPU
		{1C039CE6-EB9A-4748-BF01-B8B371443591}.Debug|Any CPU.ActiveCfg = Debug|Any CPU
		{1C039CE6-EB9A-4748-BF01-B8B371443591}.Debug|Any CPU.Build.0 = Debug|Any CPU
		{1C039CE6-EB9A-4748-BF01-B8B371443591}.Release|Any CPU.ActiveCfg = Release|Any CPU
		{1C039CE6-EB9A-4748-BF01-B8B371443591}.Release|Any CPU.Build.0 = Release|Any CPU
	EndGlobalSection
	GlobalSection(SolutionProperties) = preSolution
		HideSolutionNode = FALSE
	EndGlobalSection
	GlobalSection(NestedProjects) = preSolution
		{0DA7D742-6DA6-4998-B64F-9D27EF142E0C} = {3F162695-FE40-4D37-94B9-86CF96F4B3CE}
		{1C039CE6-EB9A-4748-BF01-B8B371443591} = {3F162695-FE40-4D37-94B9-86CF96F4B3CE}
	EndGlobalSection
EndGlobal
